<?xml version="1.0" encoding="utf-8"?>
<Project ToolsVersion="4.0" xmlns="http://schemas.microsoft.com/developer/msbuild/2003">
  <ItemGroup>
    <Filter Include="src">
      <UniqueIdentifier>{aab73149-fb52-41e2-a193-3f58dca00a75}</UniqueIdentifier>
    </Filter>
    <Filter Include="Healpix_2.15a">
      <UniqueIdentifier>{0cf9f065-fe0c-4bf2-b4bb-f74e0eb1596c}</UniqueIdentifier>
    </Filter>
    <Filter Include="app">
      <UniqueIdentifier>{75a45483-8daa-41fb-84ae-488d44267e9a}</UniqueIdentifier>
    </Filter>
  </ItemGroup>
  <ItemGroup>
    <Text Include="ReadMe.txt" />
    <Text Include="..\..\src\findBestPoints.h">
      <Filter>src</Filter>
    </Text>
  </ItemGroup>
  <ItemGroup>
    <ClInclude Include="..\..\Healpix_2.15a\arr.h">
      <Filter>Healpix_2.15a</Filter>
    </ClInclude>
    <ClInclude Include="..\..\Healpix_2.15a\cxxutils.h">
      <Filter>Healpix_2.15a</Filter>
    </ClInclude>
    <ClInclude Include="..\..\Healpix_2.15a\datatypes.h">
      <Filter>Healpix_2.15a</Filter>
    </ClInclude>
    <ClInclude Include="..\..\Healpix_2.15a\geom_utils.h">
      <Filter>Healpix_2.15a</Filter>
    </ClInclude>
    <ClInclude Include="..\..\Healpix_2.15a\healpix_base.h">
      <Filter>Healpix_2.15a</Filter>
    </ClInclude>
    <ClInclude Include="..\..\Healpix_2.15a\lsconstants.h">
      <Filter>Healpix_2.15a</Filter>
    </ClInclude>
    <ClInclude Include="..\..\Healpix_2.15a\message_error.h">
      <Filter>Healpix_2.15a</Filter>
    </ClInclude>
    <ClInclude Include="..\..\Healpix_2.15a\openmp_support.h">
      <Filter>Healpix_2.15a</Filter>
    </ClInclude>
    <ClInclude Include="..\..\Healpix_2.15a\pointing.h">
      <Filter>Healpix_2.15a</Filter>
    </ClInclude>
    <ClInclude Include="..\..\Healpix_2.15a\vec3.h">
      <Filter>Healpix_2.15a</Filter>
    </ClInclude>
    <ClInclude Include="..\..\src\array.h">
      <Filter>src</Filter>
    </ClInclude>
    <ClInclude Include="..\..\src\array_vector.h">
      <Filter>src</Filter>
    </ClInclude>
    <ClInclude Include="..\..\src\basis.h">
      <Filter>src</Filter>
    </ClInclude>
    <ClInclude Include="..\..\src\bessel.h">
      <Filter>src</Filter>
    </ClInclude>
    <ClInclude Include="..\..\src\checker.h">
      <Filter>src</Filter>
    </ClInclude>
    <ClInclude Include="..\..\src\ctf.h">
      <Filter>src</Filter>
    </ClInclude>
    <ClInclude Include="..\..\src\error.h">
      <Filter>src</Filter>
    </ClInclude>
    <ClInclude Include="..\..\src\exp_model.h">
      <Filter>src</Filter>
    </ClInclude>
    <ClInclude Include="..\..\src\fft_base.h">
      <Filter>src</Filter>
    </ClInclude>
    <ClInclude Include="..\..\src\fft_dfti.h">
      <Filter>src</Filter>
    </ClInclude>
    <ClInclude Include="..\..\src\fft_fftw3.h">
      <Filter>src</Filter>
    </ClInclude>
    <ClInclude Include="..\..\src\image.h">
      <Filter>src</Filter>
    </ClInclude>
    <ClInclude Include="..\..\src\initialize.h">
      <Filter>src</Filter>
    </ClInclude>
    <ClInclude Include="..\..\src\macros.h">
      <Filter>src</Filter>
    </ClInclude>
    <ClInclude Include="..\..\src\map_model.h">
      <Filter>src</Filter>
    </ClInclude>
    <ClInclude Include="..\..\src\map_optimizer_base_old.h">
      <Filter>src</Filter>
    </ClInclude>
    <ClInclude Include="..\..\src\map3d_optimizer.h">
      <Filter>src</Filter>
    </ClInclude>
    <ClInclude Include="..\..\src\map3d_optimizer_kernel.h">
      <Filter>src</Filter>
    </ClInclude>
    <ClInclude Include="..\..\src\map3d_optimizer_new.h">
      <Filter>src</Filter>
    </ClInclude>
    <ClInclude Include="..\..\src\map3d_optimizer_old.h">
      <Filter>src</Filter>
    </ClInclude>
    <ClInclude Include="..\..\src\math.h">
      <Filter>src</Filter>
    </ClInclude>
    <ClInclude Include="..\..\src\matrix.h">
      <Filter>src</Filter>
    </ClInclude>
    <ClInclude Include="..\..\src\memory.h">
      <Filter>src</Filter>
    </ClInclude>
    <ClInclude Include="..\..\src\metadata.h">
      <Filter>src</Filter>
    </ClInclude>
    <ClInclude Include="..\..\src\ml_model.h">
      <Filter>src</Filter>
    </ClInclude>
    <ClInclude Include="..\..\src\mpi.h">
      <Filter>src</Filter>
    </ClInclude>
    <ClInclude Include="..\..\src\mrcs.h">
      <Filter>src</Filter>
    </ClInclude>
    <ClInclude Include="..\..\src\option.h">
      <Filter>src</Filter>
    </ClInclude>
    <ClInclude Include="..\..\src\pca_optimizer.h">
      <Filter>src</Filter>
    </ClInclude>
    <ClInclude Include="..\..\src\primitives_for_each_os.h">
      <Filter>src</Filter>
    </ClInclude>
    <ClInclude Include="..\..\src\progressbar.h">
      <Filter>src</Filter>
    </ClInclude>
    <ClInclude Include="..\..\src\reconstruct.h">
      <Filter>src</Filter>
    </ClInclude>
    <ClInclude Include="..\..\src\sampling.h">
      <Filter>src</Filter>
    </ClInclude>
    <ClInclude Include="..\..\src\simulatedata.h">
      <Filter>src</Filter>
    </ClInclude>
    <ClInclude Include="..\..\src\spider.h">
      <Filter>src</Filter>
    </ClInclude>
    <ClInclude Include="..\..\src\statusTracer.h">
      <Filter>src</Filter>
    </ClInclude>
    <ClInclude Include="..\..\src\string.h">
      <Filter>src</Filter>
    </ClInclude>
    <ClInclude Include="..\..\src\symmetries.h">
      <Filter>src</Filter>
    </ClInclude>
    <ClInclude Include="..\..\src\tandemExecution.h">
      <Filter>src</Filter>
    </ClInclude>
    <ClInclude Include="..\..\src\tandemExecution_phaseAlgorithms_shared_source_code.h">
      <Filter>src</Filter>
    </ClInclude>
    <ClInclude Include="..\..\src\time.h">
      <Filter>src</Filter>
    </ClInclude>
    <ClInclude Include="..\..\src\util.h">
      <Filter>src</Filter>
    </ClInclude>
    <ClInclude Include="..\..\src\exp_mweight.h">
      <Filter>src</Filter>
    </ClInclude>
    <ClInclude Include="..\..\src\exp_mweight_old.h">
      <Filter>src</Filter>
    </ClInclude>
    <ClInclude Include="..\..\src\util_heap_defs.h">
      <Filter>src</Filter>
    </ClInclude>
    <ClInclude Include="..\..\src\util_heap_undefs.h">
      <Filter>src</Filter>
    </ClInclude>
    <ClInclude Include="..\..\src\debug.h">
      <Filter>src</Filter>
    </ClInclude>
    <ClInclude Include="..\..\src\peakFinder.h">
      <Filter>src</Filter>
    </ClInclude>
    <ClInclude Include="..\..\src\imagePermutor.h">
      <Filter>src</Filter>
    </ClInclude>
    <ClInclude Include="..\..\src\spider_old.h">
      <Filter>src</Filter>
    </ClInclude>
    <ClInclude Include="..\..\src\jpegEtc.h">
      <Filter>src</Filter>
    </ClInclude>
    <ClInclude Include="..\..\src\util_nocopy.h">
      <Filter>src</Filter>
    </ClInclude>
  </ItemGroup>
  <ItemGroup>
    <ClCompile Include="..\..\apps\rome_map3d.cpp">
      <Filter>app</Filter>
    </ClCompile>
    <ClCompile Include="..\..\Healpix_2.15a\cxxutils.cc">
      <Filter>Healpix_2.15a</Filter>
    </ClCompile>
    <ClCompile Include="..\..\Healpix_2.15a\healpix_base.cc">
      <Filter>Healpix_2.15a</Filter>
    </ClCompile>
    <ClCompile Include="..\..\src\array.cpp">
      <Filter>src</Filter>
    </ClCompile>
    <ClCompile Include="..\..\src\array_vector.cpp">
      <Filter>src</Filter>
    </ClCompile>
    <ClCompile Include="..\..\src\basis.cpp">
      <Filter>src</Filter>
    </ClCompile>
    <ClCompile Include="..\..\src\bessel.cpp">
      <Filter>src</Filter>
    </ClCompile>
    <ClCompile Include="..\..\src\checker.cpp">
      <Filter>src</Filter>
    </ClCompile>
    <ClCompile Include="..\..\src\ctf.cpp">
      <Filter>src</Filter>
    </ClCompile>
    <ClCompile Include="..\..\src\error.cpp">
      <Filter>src</Filter>
    </ClCompile>
    <ClCompile Include="..\..\src\exp_model.cpp">
      <Filter>src</Filter>
    </ClCompile>
    <ClCompile Include="..\..\src\fft_base.cpp">
      <Filter>src</Filter>
    </ClCompile>
    <ClCompile Include="..\..\src\fft_dfti.cpp">
      <Filter>src</Filter>
    </ClCompile>
    <ClCompile Include="..\..\src\fft_fftw3.cpp">
      <Filter>src</Filter>
    </ClCompile>
    <ClCompile Include="..\..\src\image.cpp">
      <Filter>src</Filter>
    </ClCompile>
    <ClCompile Include="..\..\src\map_model.cpp">
      <Filter>src</Filter>
    </ClCompile>
    <ClCompile Include="..\..\src\map_optimizer_base_old.cpp">
      <Filter>src</Filter>
    </ClCompile>
    <ClCompile Include="..\..\src\map3d_optimizer.cpp">
      <Filter>src</Filter>
    </ClCompile>
    <ClCompile Include="..\..\src\map3d_optimizer_kernel.cpp">
      <Filter>src</Filter>
    </ClCompile>
    <ClCompile Include="..\..\src\map3d_optimizer_old.cpp">
      <Filter>src</Filter>
    </ClCompile>
    <ClCompile Include="..\..\src\math.cpp">
      <Filter>src</Filter>
    </ClCompile>
    <ClCompile Include="..\..\src\matrix.cpp">
      <Filter>src</Filter>
    </ClCompile>
    <ClCompile Include="..\..\src\memory.cpp">
      <Filter>src</Filter>
    </ClCompile>
    <ClCompile Include="..\..\src\metadata.cpp">
      <Filter>src</Filter>
    </ClCompile>
    <ClCompile Include="..\..\src\ml_model.cpp">
      <Filter>src</Filter>
    </ClCompile>
    <ClCompile Include="..\..\src\mpi.cpp">
      <Filter>src</Filter>
    </ClCompile>
    <ClCompile Include="..\..\src\mrcs.cpp">
      <Filter>src</Filter>
    </ClCompile>
    <ClCompile Include="..\..\src\option.cpp">
      <Filter>src</Filter>
    </ClCompile>
    <ClCompile Include="..\..\src\pca_optimizer.cpp">
      <Filter>src</Filter>
    </ClCompile>
    <ClCompile Include="..\..\src\progressbar.cpp">
      <Filter>src</Filter>
    </ClCompile>
    <ClCompile Include="..\..\src\reconstruct.cpp">
      <Filter>src</Filter>
    </ClCompile>
    <ClCompile Include="..\..\src\sampling.cpp">
      <Filter>src</Filter>
    </ClCompile>
    <ClCompile Include="..\..\src\simulatedata.cpp">
      <Filter>src</Filter>
    </ClCompile>
    <ClCompile Include="..\..\src\spider.cpp">
      <Filter>src</Filter>
    </ClCompile>
    <ClCompile Include="..\..\src\statusTracer.cpp">
      <Filter>src</Filter>
    </ClCompile>
    <ClCompile Include="..\..\src\string.cpp">
      <Filter>src</Filter>
    </ClCompile>
    <ClCompile Include="..\..\src\symmetries.cpp">
      <Filter>src</Filter>
    </ClCompile>
    <ClCompile Include="..\..\src\tandemExecution.cpp">
      <Filter>src</Filter>
    </ClCompile>
    <ClCompile Include="..\..\src\time.cpp">
      <Filter>src</Filter>
    </ClCompile>
    <ClCompile Include="..\..\src\util.cpp">
      <Filter>src</Filter>
    </ClCompile>
    <ClCompile Include="..\..\src\exp_mweight.cpp">
      <Filter>src</Filter>
    </ClCompile>
    <ClCompile Include="..\..\src\map3d_optimizer_new.cpp">
      <Filter>src</Filter>
    </ClCompile>
    <ClCompile Include="..\..\src\exp_mweight_old.cpp">
      <Filter>src</Filter>
    </ClCompile>
    <ClCompile Include="..\..\src\findBestPoints.cpp">
      <Filter>src</Filter>
    </ClCompile>
    <ClCompile Include="..\..\src\debug.cpp">
      <Filter>src</Filter>
    </ClCompile>
    <ClCompile Include="..\..\src\peakFinder.cpp">
      <Filter>src</Filter>
    </ClCompile>
    <ClCompile Include="..\..\src\imagePermutor.cpp">
      <Filter>src</Filter>
    </ClCompile>
    <ClCompile Include="..\..\src\spider_old.cpp">
      <Filter>src</Filter>
    </ClCompile>
    <ClCompile Include="..\..\src\jpegEtc.cpp">
      <Filter>src</Filter>
    </ClCompile>
    <ClCompile Include="..\..\src\initialize.cpp">
      <Filter>src</Filter>
    </ClCompile>
  </ItemGroup>
  <ItemGroup>
    <None Include="..\..\README" />
  </ItemGroup>
</Project>